
Microsoft Visual Studio Solution File, Format Version 12.00
# Visual Studio Version 16
VisualStudioVersion = 16.0.31410.357
MinimumVisualStudioVersion = 10.0.40219.1
Project("{FAE04EC0-301F-11D3-BF4B-00C04F79EFBC}") = "Iterator", "Iterator\Iterator.csproj", "{041D5609-84BE-4E4F-8D1A-6B738B50DB9D}"
EndProject
Global
	GlobalSection(SolutionConfigurationPlatforms) = preSolution
		Debug|Any CPU = Debug|Any CPU
		Release|Any CPU = Release|Any CPU
	EndGlobalSection
	GlobalSection(ProjectConfigurationPlatforms) = postSolution
		{041D5609-84BE-4E4F-8D1A-6B738B50DB9D}.Debug|Any CPU.ActiveCfg = Debug|Any CPU
		{041D5609-84BE-4E4F-8D1A-6B738B50DB9D}.Debug|Any CPU.Build.0 = Debug|Any CPU
		{041D5609-84BE-4E4F-8D1A-6B738B50DB9D}.Release|Any CPU.ActiveCfg = Release|Any CPU
		{041D5609-84BE-4E4F-8D1A-6B738B50DB9D}.Release|Any CPU.Build.0 = Release|Any CPU
	EndGlobalSection
	GlobalSection(SolutionProperties) = preSolution
		HideSolutionNode = FALSE
	EndGlobalSection
	GlobalSection(ExtensibilityGlobals) = postSolution
		SolutionGuid = {9D803D9C-6B78-4CEA-82FB-890CDDA61353}
	EndGlobalSection
EndGlobal
